
Microsoft Visual Studio Solution File, Format Version 12.00
# Visual Studio Version 17
VisualStudioVersion = 17.9.34607.119
MinimumVisualStudioVersion = 10.0.40219.1
Project("{FAE04EC0-301F-11D3-BF4B-00C04F79EFBC}") = "Order-System", "Order-System\Order-System.csproj", "{F8666070-E374-409D-B5BB-86926BCDE5AE}"
EndProject
Global
	GlobalSection(SolutionConfigurationPlatforms) = preSolution
		Debug|Any CPU = Debug|Any CPU
		Release|Any CPU = Release|Any CPU
	EndGlobalSection
	GlobalSection(ProjectConfigurationPlatforms) = postSolution
		{F8666070-E374-409D-B5BB-86926BCDE5AE}.Debug|Any CPU.ActiveCfg = Debug|Any CPU
		{F8666070-E374-409D-B5BB-86926BCDE5AE}.Debug|Any CPU.Build.0 = Debug|Any CPU
		{F8666070-E374-409D-B5BB-86926BCDE5AE}.Release|Any CPU.ActiveCfg = Release|Any CPU
		{F8666070-E374-409D-B5BB-86926BCDE5AE}.Release|Any CPU.Build.0 = Release|Any CPU
	EndGlobalSection
	GlobalSection(SolutionProperties) = preSolution
		HideSolutionNode = FALSE
	EndGlobalSection
	GlobalSection(ExtensibilityGlobals) = postSolution
		SolutionGuid = {D45EF2DD-B39D-45A9-9AF7-511FEC8ACF98}
	EndGlobalSection
EndGlobal
